
Microsoft Visual Studio Solution File, Format Version 12.00
# Visual Studio Version 17
VisualStudioVersion = 17.0.31903.59
MinimumVisualStudioVersion = 10.0.40219.1
Project("{FAE04EC0-301F-11D3-BF4B-00C04F79EFBC}") = "Domain", "Domain\Domain.csproj", "{64157ADF-BA26-450C-AB92-9B22146B7BD8}"
EndProject
Project("{FAE04EC0-301F-11D3-BF4B-00C04F79EFBC}") = "Infrastructure", "Infrastructure\Infrastructure.csproj", "{0D2D8075-86E6-49A0-BB1F-E3A6C949CAD8}"
EndProject
Project("{FAE04EC0-301F-11D3-BF4B-00C04F79EFBC}") = "WebApp", "WebApp\WebApp.csproj", "{3308EA1B-B338-486B-A40E-6A5A1696D18B}"
EndProject
Global
	GlobalSection(SolutionConfigurationPlatforms) = preSolution
		Debug|Any CPU = Debug|Any CPU
		Debug|x64 = Debug|x64
		Debug|x86 = Debug|x86
		Release|Any CPU = Release|Any CPU
		Release|x64 = Release|x64
		Release|x86 = Release|x86
	EndGlobalSection
	GlobalSection(ProjectConfigurationPlatforms) = postSolution
		{64157ADF-BA26-450C-AB92-9B22146B7BD8}.Debug|Any CPU.ActiveCfg = Debug|Any CPU
		{64157ADF-BA26-450C-AB92-9B22146B7BD8}.Debug|Any CPU.Build.0 = Debug|Any CPU
		{64157ADF-BA26-450C-AB92-9B22146B7BD8}.Debug|x64.ActiveCfg = Debug|Any CPU
		{64157ADF-BA26-450C-AB92-9B22146B7BD8}.Debug|x64.Build.0 = Debug|Any CPU
		{64157ADF-BA26-450C-AB92-9B22146B7BD8}.Debug|x86.ActiveCfg = Debug|Any CPU
		{64157ADF-BA26-450C-AB92-9B22146B7BD8}.Debug|x86.Build.0 = Debug|Any CPU
		{64157ADF-BA26-450C-AB92-9B22146B7BD8}.Release|Any CPU.ActiveCfg = Release|Any CPU
		{64157ADF-BA26-450C-AB92-9B22146B7BD8}.Release|Any CPU.Build.0 = Release|Any CPU
		{64157ADF-BA26-450C-AB92-9B22146B7BD8}.Release|x64.ActiveCfg = Release|Any CPU
		{64157ADF-BA26-450C-AB92-9B22146B7BD8}.Release|x64.Build.0 = Release|Any CPU
		{64157ADF-BA26-450C-AB92-9B22146B7BD8}.Release|x86.ActiveCfg = Release|Any CPU
		{64157ADF-BA26-450C-AB92-9B22146B7BD8}.Release|x86.Build.0 = Release|Any CPU
		{0D2D8075-86E6-49A0-BB1F-E3A6C949CAD8}.Debug|Any CPU.ActiveCfg = Debug|Any CPU
		{0D2D8075-86E6-49A0-BB1F-E3A6C949CAD8}.Debug|Any CPU.Build.0 = Debug|Any CPU
		{0D2D8075-86E6-49A0-BB1F-E3A6C949CAD8}.Debug|x64.ActiveCfg = Debug|Any CPU
		{0D2D8075-86E6-49A0-BB1F-E3A6C949CAD8}.Debug|x64.Build.0 = Debug|Any CPU
		{0D2D8075-86E6-49A0-BB1F-E3A6C949CAD8}.Debug|x86.ActiveCfg = Debug|Any CPU
		{0D2D8075-86E6-49A0-BB1F-E3A6C949CAD8}.Debug|x86.Build.0 = Debug|Any CPU
		{0D2D8075-86E6-49A0-BB1F-E3A6C949CAD8}.Release|Any CPU.ActiveCfg = Release|Any CPU
		{0D2D8075-86E6-49A0-BB1F-E3A6C949CAD8}.Release|Any CPU.Build.0 = Release|Any CPU
		{0D2D8075-86E6-49A0-BB1F-E3A6C949CAD8}.Release|x64.ActiveCfg = Release|Any CPU
		{0D2D8075-86E6-49A0-BB1F-E3A6C949CAD8}.Release|x64.Build.0 = Release|Any CPU
		{0D2D8075-86E6-49A0-BB1F-E3A6C949CAD8}.Release|x86.ActiveCfg = Release|Any CPU
		{0D2D8075-86E6-49A0-BB1F-E3A6C949CAD8}.Release|x86.Build.0 = Release|Any CPU
		{3308EA1B-B338-486B-A40E-6A5A1696D18B}.Debug|Any CPU.ActiveCfg = Debug|Any CPU
		{3308EA1B-B338-486B-A40E-6A5A1696D18B}.Debug|Any CPU.Build.0 = Debug|Any CPU
		{3308EA1B-B338-486B-A40E-6A5A1696D18B}.Debug|x64.ActiveCfg = Debug|Any CPU
		{3308EA1B-B338-486B-A40E-6A5A1696D18B}.Debug|x64.Build.0 = Debug|Any CPU
		{3308EA1B-B338-486B-A40E-6A5A1696D18B}.Debug|x86.ActiveCfg = Debug|Any CPU
		{3308EA1B-B338-486B-A40E-6A5A1696D18B}.Debug|x86.Build.0 = Debug|Any CPU
		{3308EA1B-B338-486B-A40E-6A5A1696D18B}.Release|Any CPU.ActiveCfg = Release|Any CPU
		{3308EA1B-B338-486B-A40E-6A5A1696D18B}.Release|Any CPU.Build.0 = Release|Any CPU
		{3308EA1B-B338-486B-A40E-6A5A1696D18B}.Release|x64.ActiveCfg = Release|Any CPU
		{3308EA1B-B338-486B-A40E-6A5A1696D18B}.Release|x64.Build.0 = Release|Any CPU
		{3308EA1B-B338-486B-A40E-6A5A1696D18B}.Release|x86.ActiveCfg = Release|Any CPU
		{3308EA1B-B338-486B-A40E-6A5A1696D18B}.Release|x86.Build.0 = Release|Any CPU
	EndGlobalSection
	GlobalSection(SolutionProperties) = preSolution
		HideSolutionNode = FALSE
	EndGlobalSection
EndGlobal
